
Microsoft Visual Studio Solution File, Format Version 12.00
# Visual Studio 14
VisualStudioVersion = 14.0.24720.0
MinimumVisualStudioVersion = 10.0.40219.1
Project("{FAE04EC0-301F-11D3-BF4B-00C04F79EFBC}") = "Toolkit.TestApp", "Toolkit.TestApp\Toolkit.TestApp.csproj", "{ABDEEF72-B269-4C65-B98E-F36E6D2479B4}"
EndProject
Project("{FAE04EC0-301F-11D3-BF4B-00C04F79EFBC}") = "Toolkit.Xaml", "Toolkit.Xaml\Toolkit.Xaml.csproj", "{29907DCD-530E-4968-8E5F-D69FBA6340B9}"
EndProject
Project("{FAE04EC0-301F-11D3-BF4B-00C04F79EFBC}") = "Toolkit.Tasks", "Toolkit.Tasks\Toolkit.Tasks.csproj", "{B58FB276-15F7-4E73-9834-D593C18BFC41}"
EndProject
Project("{FAE04EC0-301F-11D3-BF4B-00C04F79EFBC}") = "Toolkit.Containers", "Toolkit.Containers\Toolkit.Containers.csproj", "{D495BCD0-5CA8-41B0-BA32-8312088163CF}"
EndProject
Project("{FAE04EC0-301F-11D3-BF4B-00C04F79EFBC}") = "Toolkit.Uwp", "Toolkit.Uwp\Toolkit.Uwp.csproj", "{3454C5E2-CDE1-463A-974D-5AEF1A0A186B}"
EndProject
Project("{FAE04EC0-301F-11D3-BF4B-00C04F79EFBC}") = "Toolkit.Common", "Toolkit.Common\Toolkit.Common.csproj", "{97440415-04A0-481E-A14A-B2B9AC14AD91}"
EndProject
Project("{FAE04EC0-301F-11D3-BF4B-00C04F79EFBC}") = "Toolkit.Prism", "Toolkit.Prism\Toolkit.Prism.csproj", "{0CE66C95-5D3A-48DC-B45C-D45E3D79FAA2}"
EndProject
Project("{2150E333-8FDC-42A3-9474-1A3956D46DE8}") = "Solution Items", "Solution Items", "{0F431434-7202-45B1-9BAF-BC04A47165B6}"
	ProjectSection(SolutionItems) = preProject
		ToDo.txt = ToDo.txt
	EndProjectSection
EndProject
Project("{FAE04EC0-301F-11D3-BF4B-00C04F79EFBC}") = "Toolkit.Behaviors", "Toolkit.Behaviors\Toolkit.Behaviors.csproj", "{F9F7545A-5442-4FE8-A9A3-13EE9F690240}"
EndProject
Project("{FAE04EC0-301F-11D3-BF4B-00C04F79EFBC}") = "Toolkit.Collections", "Toolkit.Collections\Toolkit.Collections.csproj", "{369793E7-B1A0-47E9-A89B-4930E319A110}"
EndProject
Project("{FAE04EC0-301F-11D3-BF4B-00C04F79EFBC}") = "Toolkit.Web", "Toolkit.Web\Toolkit.Web.csproj", "{C5B960F7-3A96-4D25-AC94-2A6848E75972}"
EndProject
Project("{FAE04EC0-301F-11D3-BF4B-00C04F79EFBC}") = "Toolkit.UnitTests", "Toolkit.UnitTests\Toolkit.UnitTests.csproj", "{1269E0B2-8038-4FD9-9ED2-6251C82EF073}"
EndProject
Global
	GlobalSection(SolutionConfigurationPlatforms) = preSolution
		Debug|ARM = Debug|ARM
		Debug|x64 = Debug|x64
		Debug|x86 = Debug|x86
		Release|ARM = Release|ARM
		Release|x64 = Release|x64
		Release|x86 = Release|x86
	EndGlobalSection
	GlobalSection(ProjectConfigurationPlatforms) = postSolution
		{ABDEEF72-B269-4C65-B98E-F36E6D2479B4}.Debug|ARM.ActiveCfg = Debug|ARM
		{ABDEEF72-B269-4C65-B98E-F36E6D2479B4}.Debug|ARM.Build.0 = Debug|ARM
		{ABDEEF72-B269-4C65-B98E-F36E6D2479B4}.Debug|ARM.Deploy.0 = Debug|ARM
		{ABDEEF72-B269-4C65-B98E-F36E6D2479B4}.Debug|x64.ActiveCfg = Debug|x64
		{ABDEEF72-B269-4C65-B98E-F36E6D2479B4}.Debug|x64.Build.0 = Debug|x64
		{ABDEEF72-B269-4C65-B98E-F36E6D2479B4}.Debug|x64.Deploy.0 = Debug|x64
		{ABDEEF72-B269-4C65-B98E-F36E6D2479B4}.Debug|x86.ActiveCfg = Debug|x86
		{ABDEEF72-B269-4C65-B98E-F36E6D2479B4}.Debug|x86.Build.0 = Debug|x86
		{ABDEEF72-B269-4C65-B98E-F36E6D2479B4}.Debug|x86.Deploy.0 = Debug|x86
		{ABDEEF72-B269-4C65-B98E-F36E6D2479B4}.Release|ARM.ActiveCfg = Release|ARM
		{ABDEEF72-B269-4C65-B98E-F36E6D2479B4}.Release|ARM.Build.0 = Release|ARM
		{ABDEEF72-B269-4C65-B98E-F36E6D2479B4}.Release|ARM.Deploy.0 = Release|ARM
		{ABDEEF72-B269-4C65-B98E-F36E6D2479B4}.Release|x64.ActiveCfg = Release|x64
		{ABDEEF72-B269-4C65-B98E-F36E6D2479B4}.Release|x64.Build.0 = Release|x64
		{ABDEEF72-B269-4C65-B98E-F36E6D2479B4}.Release|x64.Deploy.0 = Release|x64
		{ABDEEF72-B269-4C65-B98E-F36E6D2479B4}.Release|x86.ActiveCfg = Release|x86
		{ABDEEF72-B269-4C65-B98E-F36E6D2479B4}.Release|x86.Build.0 = Release|x86
		{ABDEEF72-B269-4C65-B98E-F36E6D2479B4}.Release|x86.Deploy.0 = Release|x86
		{29907DCD-530E-4968-8E5F-D69FBA6340B9}.Debug|ARM.ActiveCfg = Debug|ARM
		{29907DCD-530E-4968-8E5F-D69FBA6340B9}.Debug|ARM.Build.0 = Debug|ARM
		{29907DCD-530E-4968-8E5F-D69FBA6340B9}.Debug|x64.ActiveCfg = Debug|x64
		{29907DCD-530E-4968-8E5F-D69FBA6340B9}.Debug|x64.Build.0 = Debug|x64
		{29907DCD-530E-4968-8E5F-D69FBA6340B9}.Debug|x86.ActiveCfg = Debug|x86
		{29907DCD-530E-4968-8E5F-D69FBA6340B9}.Debug|x86.Build.0 = Debug|x86
		{29907DCD-530E-4968-8E5F-D69FBA6340B9}.Release|ARM.ActiveCfg = Release|ARM
		{29907DCD-530E-4968-8E5F-D69FBA6340B9}.Release|ARM.Build.0 = Release|ARM
		{29907DCD-530E-4968-8E5F-D69FBA6340B9}.Release|x64.ActiveCfg = Release|x64
		{29907DCD-530E-4968-8E5F-D69FBA6340B9}.Release|x64.Build.0 = Release|x64
		{29907DCD-530E-4968-8E5F-D69FBA6340B9}.Release|x86.ActiveCfg = Release|x86
		{29907DCD-530E-4968-8E5F-D69FBA6340B9}.Release|x86.Build.0 = Release|x86
		{B58FB276-15F7-4E73-9834-D593C18BFC41}.Debug|ARM.ActiveCfg = Debug|ARM
		{B58FB276-15F7-4E73-9834-D593C18BFC41}.Debug|ARM.Build.0 = Debug|ARM
		{B58FB276-15F7-4E73-9834-D593C18BFC41}.Debug|x64.ActiveCfg = Debug|x64
		{B58FB276-15F7-4E73-9834-D593C18BFC41}.Debug|x64.Build.0 = Debug|x64
		{B58FB276-15F7-4E73-9834-D593C18BFC41}.Debug|x86.ActiveCfg = Debug|x86
		{B58FB276-15F7-4E73-9834-D593C18BFC41}.Debug|x86.Build.0 = Debug|x86
		{B58FB276-15F7-4E73-9834-D593C18BFC41}.Release|ARM.ActiveCfg = Release|ARM
		{B58FB276-15F7-4E73-9834-D593C18BFC41}.Release|ARM.Build.0 = Release|ARM
		{B58FB276-15F7-4E73-9834-D593C18BFC41}.Release|x64.ActiveCfg = Release|x64
		{B58FB276-15F7-4E73-9834-D593C18BFC41}.Release|x64.Build.0 = Release|x64
		{B58FB276-15F7-4E73-9834-D593C18BFC41}.Release|x86.ActiveCfg = Release|x86
		{B58FB276-15F7-4E73-9834-D593C18BFC41}.Release|x86.Build.0 = Release|x86
		{D495BCD0-5CA8-41B0-BA32-8312088163CF}.Debug|ARM.ActiveCfg = Debug|ARM
		{D495BCD0-5CA8-41B0-BA32-8312088163CF}.Debug|ARM.Build.0 = Debug|ARM
		{D495BCD0-5CA8-41B0-BA32-8312088163CF}.Debug|x64.ActiveCfg = Debug|x64
		{D495BCD0-5CA8-41B0-BA32-8312088163CF}.Debug|x64.Build.0 = Debug|x64
		{D495BCD0-5CA8-41B0-BA32-8312088163CF}.Debug|x86.ActiveCfg = Debug|x86
		{D495BCD0-5CA8-41B0-BA32-8312088163CF}.Debug|x86.Build.0 = Debug|x86
		{D495BCD0-5CA8-41B0-BA32-8312088163CF}.Release|ARM.ActiveCfg = Release|ARM
		{D495BCD0-5CA8-41B0-BA32-8312088163CF}.Release|ARM.Build.0 = Release|ARM
		{D495BCD0-5CA8-41B0-BA32-8312088163CF}.Release|x64.ActiveCfg = Release|x64
		{D495BCD0-5CA8-41B0-BA32-8312088163CF}.Release|x64.Build.0 = Release|x64
		{D495BCD0-5CA8-41B0-BA32-8312088163CF}.Release|x86.ActiveCfg = Release|x86
		{D495BCD0-5CA8-41B0-BA32-8312088163CF}.Release|x86.Build.0 = Release|x86
		{3454C5E2-CDE1-463A-974D-5AEF1A0A186B}.Debug|ARM.ActiveCfg = Debug|ARM
		{3454C5E2-CDE1-463A-974D-5AEF1A0A186B}.Debug|ARM.Build.0 = Debug|ARM
		{3454C5E2-CDE1-463A-974D-5AEF1A0A186B}.Debug|x64.ActiveCfg = Debug|x64
		{3454C5E2-CDE1-463A-974D-5AEF1A0A186B}.Debug|x64.Build.0 = Debug|x64
		{3454C5E2-CDE1-463A-974D-5AEF1A0A186B}.Debug|x86.ActiveCfg = Debug|x86
		{3454C5E2-CDE1-463A-974D-5AEF1A0A186B}.Debug|x86.Build.0 = Debug|x86
		{3454C5E2-CDE1-463A-974D-5AEF1A0A186B}.Release|ARM.ActiveCfg = Release|ARM
		{3454C5E2-CDE1-463A-974D-5AEF1A0A186B}.Release|ARM.Build.0 = Release|ARM
		{3454C5E2-CDE1-463A-974D-5AEF1A0A186B}.Release|x64.ActiveCfg = Release|x64
		{3454C5E2-CDE1-463A-974D-5AEF1A0A186B}.Release|x64.Build.0 = Release|x64
		{3454C5E2-CDE1-463A-974D-5AEF1A0A186B}.Release|x86.ActiveCfg = Release|x86
		{3454C5E2-CDE1-463A-974D-5AEF1A0A186B}.Release|x86.Build.0 = Release|x86
		{97440415-04A0-481E-A14A-B2B9AC14AD91}.Debug|ARM.ActiveCfg = Debug|ARM
		{97440415-04A0-481E-A14A-B2B9AC14AD91}.Debug|ARM.Build.0 = Debug|ARM
		{97440415-04A0-481E-A14A-B2B9AC14AD91}.Debug|x64.ActiveCfg = Debug|x64
		{97440415-04A0-481E-A14A-B2B9AC14AD91}.Debug|x64.Build.0 = Debug|x64
		{97440415-04A0-481E-A14A-B2B9AC14AD91}.Debug|x86.ActiveCfg = Debug|x86
		{97440415-04A0-481E-A14A-B2B9AC14AD91}.Debug|x86.Build.0 = Debug|x86
		{97440415-04A0-481E-A14A-B2B9AC14AD91}.Release|ARM.ActiveCfg = Release|ARM
		{97440415-04A0-481E-A14A-B2B9AC14AD91}.Release|ARM.Build.0 = Release|ARM
		{97440415-04A0-481E-A14A-B2B9AC14AD91}.Release|x64.ActiveCfg = Release|x64
		{97440415-04A0-481E-A14A-B2B9AC14AD91}.Release|x64.Build.0 = Release|x64
		{97440415-04A0-481E-A14A-B2B9AC14AD91}.Release|x86.ActiveCfg = Release|x86
		{97440415-04A0-481E-A14A-B2B9AC14AD91}.Release|x86.Build.0 = Release|x86
		{0CE66C95-5D3A-48DC-B45C-D45E3D79FAA2}.Debug|ARM.ActiveCfg = Debug|ARM
		{0CE66C95-5D3A-48DC-B45C-D45E3D79FAA2}.Debug|ARM.Build.0 = Debug|ARM
		{0CE66C95-5D3A-48DC-B45C-D45E3D79FAA2}.Debug|x64.ActiveCfg = Debug|x64
		{0CE66C95-5D3A-48DC-B45C-D45E3D79FAA2}.Debug|x64.Build.0 = Debug|x64
		{0CE66C95-5D3A-48DC-B45C-D45E3D79FAA2}.Debug|x86.ActiveCfg = Debug|x86
		{0CE66C95-5D3A-48DC-B45C-D45E3D79FAA2}.Debug|x86.Build.0 = Debug|x86
		{0CE66C95-5D3A-48DC-B45C-D45E3D79FAA2}.Release|ARM.ActiveCfg = Release|ARM
		{0CE66C95-5D3A-48DC-B45C-D45E3D79FAA2}.Release|ARM.Build.0 = Release|ARM
		{0CE66C95-5D3A-48DC-B45C-D45E3D79FAA2}.Release|x64.ActiveCfg = Release|x64
		{0CE66C95-5D3A-48DC-B45C-D45E3D79FAA2}.Release|x64.Build.0 = Release|x64
		{0CE66C95-5D3A-48DC-B45C-D45E3D79FAA2}.Release|x86.ActiveCfg = Release|x86
		{0CE66C95-5D3A-48DC-B45C-D45E3D79FAA2}.Release|x86.Build.0 = Release|x86
		{F9F7545A-5442-4FE8-A9A3-13EE9F690240}.Debug|ARM.ActiveCfg = Debug|ARM
		{F9F7545A-5442-4FE8-A9A3-13EE9F690240}.Debug|ARM.Build.0 = Debug|ARM
		{F9F7545A-5442-4FE8-A9A3-13EE9F690240}.Debug|x64.ActiveCfg = Debug|x64
		{F9F7545A-5442-4FE8-A9A3-13EE9F690240}.Debug|x64.Build.0 = Debug|x64
		{F9F7545A-5442-4FE8-A9A3-13EE9F690240}.Debug|x86.ActiveCfg = Debug|x86
		{F9F7545A-5442-4FE8-A9A3-13EE9F690240}.Debug|x86.Build.0 = Debug|x86
		{F9F7545A-5442-4FE8-A9A3-13EE9F690240}.Release|ARM.ActiveCfg = Release|ARM
		{F9F7545A-5442-4FE8-A9A3-13EE9F690240}.Release|ARM.Build.0 = Release|ARM
		{F9F7545A-5442-4FE8-A9A3-13EE9F690240}.Release|x64.ActiveCfg = Release|x64
		{F9F7545A-5442-4FE8-A9A3-13EE9F690240}.Release|x64.Build.0 = Release|x64
		{F9F7545A-5442-4FE8-A9A3-13EE9F690240}.Release|x86.ActiveCfg = Release|x86
		{F9F7545A-5442-4FE8-A9A3-13EE9F690240}.Release|x86.Build.0 = Release|x86
		{369793E7-B1A0-47E9-A89B-4930E319A110}.Debug|ARM.ActiveCfg = Debug|ARM
		{369793E7-B1A0-47E9-A89B-4930E319A110}.Debug|ARM.Build.0 = Debug|ARM
		{369793E7-B1A0-47E9-A89B-4930E319A110}.Debug|x64.ActiveCfg = Debug|x64
		{369793E7-B1A0-47E9-A89B-4930E319A110}.Debug|x64.Build.0 = Debug|x64
		{369793E7-B1A0-47E9-A89B-4930E319A110}.Debug|x86.ActiveCfg = Debug|x86
		{369793E7-B1A0-47E9-A89B-4930E319A110}.Debug|x86.Build.0 = Debug|x86
		{369793E7-B1A0-47E9-A89B-4930E319A110}.Release|ARM.ActiveCfg = Release|ARM
		{369793E7-B1A0-47E9-A89B-4930E319A110}.Release|ARM.Build.0 = Release|ARM
		{369793E7-B1A0-47E9-A89B-4930E319A110}.Release|x64.ActiveCfg = Release|x64
		{369793E7-B1A0-47E9-A89B-4930E319A110}.Release|x64.Build.0 = Release|x64
		{369793E7-B1A0-47E9-A89B-4930E319A110}.Release|x86.ActiveCfg = Release|x86
		{369793E7-B1A0-47E9-A89B-4930E319A110}.Release|x86.Build.0 = Release|x86
		{C5B960F7-3A96-4D25-AC94-2A6848E75972}.Debug|ARM.ActiveCfg = Debug|ARM
		{C5B960F7-3A96-4D25-AC94-2A6848E75972}.Debug|ARM.Build.0 = Debug|ARM
		{C5B960F7-3A96-4D25-AC94-2A6848E75972}.Debug|x64.ActiveCfg = Debug|x64
		{C5B960F7-3A96-4D25-AC94-2A6848E75972}.Debug|x64.Build.0 = Debug|x64
		{C5B960F7-3A96-4D25-AC94-2A6848E75972}.Debug|x86.ActiveCfg = Debug|x86
		{C5B960F7-3A96-4D25-AC94-2A6848E75972}.Debug|x86.Build.0 = Debug|x86
		{C5B960F7-3A96-4D25-AC94-2A6848E75972}.Release|ARM.ActiveCfg = Release|ARM
		{C5B960F7-3A96-4D25-AC94-2A6848E75972}.Release|ARM.Build.0 = Release|ARM
		{C5B960F7-3A96-4D25-AC94-2A6848E75972}.Release|x64.ActiveCfg = Release|x64
		{C5B960F7-3A96-4D25-AC94-2A6848E75972}.Release|x64.Build.0 = Release|x64
		{C5B960F7-3A96-4D25-AC94-2A6848E75972}.Release|x86.ActiveCfg = Release|x86
		{C5B960F7-3A96-4D25-AC94-2A6848E75972}.Release|x86.Build.0 = Release|x86
		{1269E0B2-8038-4FD9-9ED2-6251C82EF073}.Debug|ARM.ActiveCfg = Debug|ARM
		{1269E0B2-8038-4FD9-9ED2-6251C82EF073}.Debug|ARM.Build.0 = Debug|ARM
		{1269E0B2-8038-4FD9-9ED2-6251C82EF073}.Debug|ARM.Deploy.0 = Debug|ARM
		{1269E0B2-8038-4FD9-9ED2-6251C82EF073}.Debug|x64.ActiveCfg = Debug|x64
		{1269E0B2-8038-4FD9-9ED2-6251C82EF073}.Debug|x64.Build.0 = Debug|x64
		{1269E0B2-8038-4FD9-9ED2-6251C82EF073}.Debug|x64.Deploy.0 = Debug|x64
		{1269E0B2-8038-4FD9-9ED2-6251C82EF073}.Debug|x86.ActiveCfg = Debug|x86
		{1269E0B2-8038-4FD9-9ED2-6251C82EF073}.Debug|x86.Build.0 = Debug|x86
		{1269E0B2-8038-4FD9-9ED2-6251C82EF073}.Debug|x86.Deploy.0 = Debug|x86
		{1269E0B2-8038-4FD9-9ED2-6251C82EF073}.Release|ARM.ActiveCfg = Release|ARM
		{1269E0B2-8038-4FD9-9ED2-6251C82EF073}.Release|ARM.Build.0 = Release|ARM
		{1269E0B2-8038-4FD9-9ED2-6251C82EF073}.Release|ARM.Deploy.0 = Release|ARM
		{1269E0B2-8038-4FD9-9ED2-6251C82EF073}.Release|x64.ActiveCfg = Release|x64
		{1269E0B2-8038-4FD9-9ED2-6251C82EF073}.Release|x64.Build.0 = Release|x64
		{1269E0B2-8038-4FD9-9ED2-6251C82EF073}.Release|x64.Deploy.0 = Release|x64
		{1269E0B2-8038-4FD9-9ED2-6251C82EF073}.Release|x86.ActiveCfg = Release|x86
		{1269E0B2-8038-4FD9-9ED2-6251C82EF073}.Release|x86.Build.0 = Release|x86
		{1269E0B2-8038-4FD9-9ED2-6251C82EF073}.Release|x86.Deploy.0 = Release|x86
	EndGlobalSection
	GlobalSection(SolutionProperties) = preSolution
		HideSolutionNode = FALSE
	EndGlobalSection
EndGlobal
